
Microsoft Visual Studio Solution File, Format Version 12.00
# Visual Studio Version 17
VisualStudioVersion = 17.9.34728.123
MinimumVisualStudioVersion = 10.0.40219.1
Project("{FAE04EC0-301F-11D3-BF4B-00C04F79EFBC}") = "WinFormsApp7", "WinFormsApp7\WinFormsApp7.csproj", "{5A53B74C-E39F-41D5-B1E8-6E0C9D537348}"
EndProject
Global
	GlobalSection(SolutionConfigurationPlatforms) = preSolution
		Debug|Any CPU = Debug|Any CPU
		Release|Any CPU = Release|Any CPU
	EndGlobalSection
	GlobalSection(ProjectConfigurationPlatforms) = postSolution
		{5A53B74C-E39F-41D5-B1E8-6E0C9D537348}.Debug|Any CPU.ActiveCfg = Debug|Any CPU
		{5A53B74C-E39F-41D5-B1E8-6E0C9D537348}.Debug|Any CPU.Build.0 = Debug|Any CPU
		{5A53B74C-E39F-41D5-B1E8-6E0C9D537348}.Release|Any CPU.ActiveCfg = Release|Any CPU
		{5A53B74C-E39F-41D5-B1E8-6E0C9D537348}.Release|Any CPU.Build.0 = Release|Any CPU
	EndGlobalSection
	GlobalSection(SolutionProperties) = preSolution
		HideSolutionNode = FALSE
	EndGlobalSection
	GlobalSection(ExtensibilityGlobals) = postSolution
		SolutionGuid = {C46E1976-1824-42BF-A6EF-0FB2940C310A}
	EndGlobalSection
EndGlobal
